
Microsoft Visual Studio Solution File, Format Version 12.00
# Visual Studio Version 17
VisualStudioVersion = 17.1.32421.90
MinimumVisualStudioVersion = 10.0.40219.1
Project("{FAE04EC0-301F-11D3-BF4B-00C04F79EFBC}") = "YearEndCalculation2.Business", "YearEndCalculation2.Business\YearEndCalculation2.Business.csproj", "{52CF8583-FE99-4DD0-BBBC-A2EA2026E6C3}"
EndProject
Project("{FAE04EC0-301F-11D3-BF4B-00C04F79EFBC}") = "YearEndCalculation2.Entities", "YearEndCalculation2.Entities\YearEndCalculation2.Entities.csproj", "{CA8295F7-879A-4442-BD92-0AB20F94718A}"
EndProject
Project("{54435603-DBB4-11D2-8724-00A0C9A8B90C}") = "Setup", "Setup\Setup.vdproj", "{DE35BBE1-7C42-4B12-8257-BD0D7ECD9FA6}"
EndProject
Project("{FAE04EC0-301F-11D3-BF4B-00C04F79EFBC}") = "YearEndCalculation2.WindowsFormUI", "YearEndCalculation2.WindowsFormUI\YearEndCalculation2.WindowsFormUI.csproj", "{CF6DA3FF-DC0F-44B0-A1AC-E9C816A318A0}"
EndProject
Global
	GlobalSection(SolutionConfigurationPlatforms) = preSolution
		Debug|Any CPU = Debug|Any CPU
		Release|Any CPU = Release|Any CPU
	EndGlobalSection
	GlobalSection(ProjectConfigurationPlatforms) = postSolution
		{52CF8583-FE99-4DD0-BBBC-A2EA2026E6C3}.Debug|Any CPU.ActiveCfg = Debug|Any CPU
		{52CF8583-FE99-4DD0-BBBC-A2EA2026E6C3}.Debug|Any CPU.Build.0 = Debug|Any CPU
		{52CF8583-FE99-4DD0-BBBC-A2EA2026E6C3}.Release|Any CPU.ActiveCfg = Release|Any CPU
		{52CF8583-FE99-4DD0-BBBC-A2EA2026E6C3}.Release|Any CPU.Build.0 = Release|Any CPU
		{CA8295F7-879A-4442-BD92-0AB20F94718A}.Debug|Any CPU.ActiveCfg = Debug|Any CPU
		{CA8295F7-879A-4442-BD92-0AB20F94718A}.Debug|Any CPU.Build.0 = Debug|Any CPU
		{CA8295F7-879A-4442-BD92-0AB20F94718A}.Release|Any CPU.ActiveCfg = Release|Any CPU
		{CA8295F7-879A-4442-BD92-0AB20F94718A}.Release|Any CPU.Build.0 = Release|Any CPU
		{DE35BBE1-7C42-4B12-8257-BD0D7ECD9FA6}.Debug|Any CPU.ActiveCfg = Debug
		{DE35BBE1-7C42-4B12-8257-BD0D7ECD9FA6}.Release|Any CPU.ActiveCfg = Release
		{CF6DA3FF-DC0F-44B0-A1AC-E9C816A318A0}.Debug|Any CPU.ActiveCfg = Debug|Any CPU
		{CF6DA3FF-DC0F-44B0-A1AC-E9C816A318A0}.Debug|Any CPU.Build.0 = Debug|Any CPU
		{CF6DA3FF-DC0F-44B0-A1AC-E9C816A318A0}.Release|Any CPU.ActiveCfg = Release|Any CPU
		{CF6DA3FF-DC0F-44B0-A1AC-E9C816A318A0}.Release|Any CPU.Build.0 = Release|Any CPU
	EndGlobalSection
	GlobalSection(SolutionProperties) = preSolution
		HideSolutionNode = FALSE
	EndGlobalSection
	GlobalSection(ExtensibilityGlobals) = postSolution
		SolutionGuid = {364D9B59-1BD9-4C19-BE37-032C5A66871D}
	EndGlobalSection
EndGlobal
